
Microsoft Visual Studio Solution File, Format Version 12.00
# Visual Studio Version 17
VisualStudioVersion = 17.0.31903.59
MinimumVisualStudioVersion = 10.0.40219.1
Project("{FAE04EC0-301F-11D3-BF4B-00C04F79EFBC}") = "Domain.Tests", "tests\Domain.Tests\Domain.Tests.csproj", "{FD3D2C23-70EF-4E54-A868-C82B88BBDB47}"
EndProject
Project("{2150E333-8FDC-42A3-9474-1A3956D46DE8}") = "src", "src", "{84197BA1-FB0D-490B-9352-F78E30DA0166}"
EndProject
Project("{FAE04EC0-301F-11D3-BF4B-00C04F79EFBC}") = "Application", "src\Application\Application.csproj", "{965830B0-DF80-42D2-8559-5FCB823860DD}"
EndProject
Project("{FAE04EC0-301F-11D3-BF4B-00C04F79EFBC}") = "Domain", "src\Domain\Domain.csproj", "{18BF0A71-640B-4125-BFFC-6EA92E248ADE}"
EndProject
Project("{FAE04EC0-301F-11D3-BF4B-00C04F79EFBC}") = "Infrastructure", "src\Infrastructure\Infrastructure.csproj", "{A72B3B39-A33B-4745-88B5-6ADE7DC4D26B}"
EndProject
Project("{FAE04EC0-301F-11D3-BF4B-00C04F79EFBC}") = "WebAPI", "src\WebAPI\WebAPI.csproj", "{BE2639B6-E2F9-47AA-93F4-CEB2896474EB}"
EndProject
Project("{FAE04EC0-301F-11D3-BF4B-00C04F79EFBC}") = "AgriTech.Worker", "src\AgriTech.Worker\AgriTech.Worker.csproj", "{9BF44AB7-B654-4A48-9BF2-C304AD72CF58}"
EndProject
Project("{2150E333-8FDC-42A3-9474-1A3956D46DE8}") = "tests", "tests", "{A7DE2623-584D-4056-8132-C58D48C5C36B}"
EndProject
Project("{FAE04EC0-301F-11D3-BF4B-00C04F79EFBC}") = "AgriTech.Domain.UnitTests", "tests\AgriTech.Domain.UnitTests\AgriTech.Domain.UnitTests.csproj", "{E3A430A7-9421-4DDC-885C-EC9FCC30EF49}"
EndProject
Project("{FAE04EC0-301F-11D3-BF4B-00C04F79EFBC}") = "AgriTech.Application.UnitTests", "tests\AgriTech.Application.UnitTests\AgriTech.Application.UnitTests.csproj", "{6DBABB5E-BCC0-4A24-AF83-9E4603723D86}"
EndProject
Project("{FAE04EC0-301F-11D3-BF4B-00C04F79EFBC}") = "AgriTech.IntegrationTests", "tests\AgriTech.IntegrationTests\AgriTech.IntegrationTests.csproj", "{467117E5-30F0-4C56-B2F5-8B2E790C3C7D}"
EndProject
Global
	GlobalSection(SolutionConfigurationPlatforms) = preSolution
		Debug|Any CPU = Debug|Any CPU
		Release|Any CPU = Release|Any CPU
	EndGlobalSection
	GlobalSection(ProjectConfigurationPlatforms) = postSolution
		{FD3D2C23-70EF-4E54-A868-C82B88BBDB47}.Debug|Any CPU.ActiveCfg = Debug|Any CPU
		{FD3D2C23-70EF-4E54-A868-C82B88BBDB47}.Debug|Any CPU.Build.0 = Debug|Any CPU
		{FD3D2C23-70EF-4E54-A868-C82B88BBDB47}.Release|Any CPU.ActiveCfg = Release|Any CPU
		{FD3D2C23-70EF-4E54-A868-C82B88BBDB47}.Release|Any CPU.Build.0 = Release|Any CPU
		{965830B0-DF80-42D2-8559-5FCB823860DD}.Debug|Any CPU.ActiveCfg = Debug|Any CPU
		{965830B0-DF80-42D2-8559-5FCB823860DD}.Debug|Any CPU.Build.0 = Debug|Any CPU
		{965830B0-DF80-42D2-8559-5FCB823860DD}.Release|Any CPU.ActiveCfg = Release|Any CPU
		{965830B0-DF80-42D2-8559-5FCB823860DD}.Release|Any CPU.Build.0 = Release|Any CPU
		{18BF0A71-640B-4125-BFFC-6EA92E248ADE}.Debug|Any CPU.ActiveCfg = Debug|Any CPU
		{18BF0A71-640B-4125-BFFC-6EA92E248ADE}.Debug|Any CPU.Build.0 = Debug|Any CPU
		{18BF0A71-640B-4125-BFFC-6EA92E248ADE}.Release|Any CPU.ActiveCfg = Release|Any CPU
		{18BF0A71-640B-4125-BFFC-6EA92E248ADE}.Release|Any CPU.Build.0 = Release|Any CPU
		{A72B3B39-A33B-4745-88B5-6ADE7DC4D26B}.Debug|Any CPU.ActiveCfg = Debug|Any CPU
		{A72B3B39-A33B-4745-88B5-6ADE7DC4D26B}.Debug|Any CPU.Build.0 = Debug|Any CPU
		{A72B3B39-A33B-4745-88B5-6ADE7DC4D26B}.Release|Any CPU.ActiveCfg = Release|Any CPU
		{A72B3B39-A33B-4745-88B5-6ADE7DC4D26B}.Release|Any CPU.Build.0 = Release|Any CPU
		{BE2639B6-E2F9-47AA-93F4-CEB2896474EB}.Debug|Any CPU.ActiveCfg = Debug|Any CPU
		{BE2639B6-E2F9-47AA-93F4-CEB2896474EB}.Debug|Any CPU.Build.0 = Debug|Any CPU
		{BE2639B6-E2F9-47AA-93F4-CEB2896474EB}.Release|Any CPU.ActiveCfg = Release|Any CPU
		{BE2639B6-E2F9-47AA-93F4-CEB2896474EB}.Release|Any CPU.Build.0 = Release|Any CPU
		{9BF44AB7-B654-4A48-9BF2-C304AD72CF58}.Debug|Any CPU.ActiveCfg = Debug|Any CPU
		{9BF44AB7-B654-4A48-9BF2-C304AD72CF58}.Debug|Any CPU.Build.0 = Debug|Any CPU
		{9BF44AB7-B654-4A48-9BF2-C304AD72CF58}.Release|Any CPU.ActiveCfg = Release|Any CPU
		{9BF44AB7-B654-4A48-9BF2-C304AD72CF58}.Release|Any CPU.Build.0 = Release|Any CPU
		{E3A430A7-9421-4DDC-885C-EC9FCC30EF49}.Debug|Any CPU.ActiveCfg = Debug|Any CPU
		{E3A430A7-9421-4DDC-885C-EC9FCC30EF49}.Debug|Any CPU.Build.0 = Debug|Any CPU
		{E3A430A7-9421-4DDC-885C-EC9FCC30EF49}.Release|Any CPU.ActiveCfg = Release|Any CPU
		{E3A430A7-9421-4DDC-885C-EC9FCC30EF49}.Release|Any CPU.Build.0 = Release|Any CPU
		{6DBABB5E-BCC0-4A24-AF83-9E4603723D86}.Debug|Any CPU.ActiveCfg = Debug|Any CPU
		{6DBABB5E-BCC0-4A24-AF83-9E4603723D86}.Debug|Any CPU.Build.0 = Debug|Any CPU
		{6DBABB5E-BCC0-4A24-AF83-9E4603723D86}.Release|Any CPU.ActiveCfg = Release|Any CPU
		{6DBABB5E-BCC0-4A24-AF83-9E4603723D86}.Release|Any CPU.Build.0 = Release|Any CPU
		{467117E5-30F0-4C56-B2F5-8B2E790C3C7D}.Debug|Any CPU.ActiveCfg = Debug|Any CPU
		{467117E5-30F0-4C56-B2F5-8B2E790C3C7D}.Debug|Any CPU.Build.0 = Debug|Any CPU
		{467117E5-30F0-4C56-B2F5-8B2E790C3C7D}.Release|Any CPU.ActiveCfg = Release|Any CPU
		{467117E5-30F0-4C56-B2F5-8B2E790C3C7D}.Release|Any CPU.Build.0 = Release|Any CPU
	EndGlobalSection
	GlobalSection(SolutionProperties) = preSolution
		HideSolutionNode = FALSE
	EndGlobalSection
	GlobalSection(NestedProjects) = preSolution
		{965830B0-DF80-42D2-8559-5FCB823860DD} = {84197BA1-FB0D-490B-9352-F78E30DA0166}
		{18BF0A71-640B-4125-BFFC-6EA92E248ADE} = {84197BA1-FB0D-490B-9352-F78E30DA0166}
		{A72B3B39-A33B-4745-88B5-6ADE7DC4D26B} = {84197BA1-FB0D-490B-9352-F78E30DA0166}
		{BE2639B6-E2F9-47AA-93F4-CEB2896474EB} = {84197BA1-FB0D-490B-9352-F78E30DA0166}
		{9BF44AB7-B654-4A48-9BF2-C304AD72CF58} = {84197BA1-FB0D-490B-9352-F78E30DA0166}
		{E3A430A7-9421-4DDC-885C-EC9FCC30EF49} = {A7DE2623-584D-4056-8132-C58D48C5C36B}
		{6DBABB5E-BCC0-4A24-AF83-9E4603723D86} = {A7DE2623-584D-4056-8132-C58D48C5C36B}
		{467117E5-30F0-4C56-B2F5-8B2E790C3C7D} = {A7DE2623-584D-4056-8132-C58D48C5C36B}
	EndGlobalSection
EndGlobal
